
Microsoft Visual Studio Solution File, Format Version 12.00
# Visual Studio Version 16
VisualStudioVersion = 16.0.31205.134
MinimumVisualStudioVersion = 10.0.40219.1
Project("{2150E333-8FDC-42A3-9474-1A3956D46DE8}") = "1 - Presentation", "1 - Presentation", "{B21EE766-75F0-42EE-B4E4-756B66BC65DD}"
EndProject
Project("{2150E333-8FDC-42A3-9474-1A3956D46DE8}") = "2 - Service", "2 - Service", "{BB1E29B4-B576-429F-A9BE-183846EB242A}"
EndProject
Project("{2150E333-8FDC-42A3-9474-1A3956D46DE8}") = "3 - Application", "3 - Application", "{2E6A787C-FC74-4119-89F7-F1A7970ECB41}"
EndProject
Project("{2150E333-8FDC-42A3-9474-1A3956D46DE8}") = "4 - Domian", "4 - Domian", "{C6AEC8CC-69DF-440D-A479-1B11FF81CCBA}"
EndProject
Project("{2150E333-8FDC-42A3-9474-1A3956D46DE8}") = "5 - Infra", "5 - Infra", "{54D7278E-C5B0-41B0-8896-DB2F91A31AA4}"
EndProject
Project("{2150E333-8FDC-42A3-9474-1A3956D46DE8}") = "5.1 - Data", "5.1 - Data", "{0E97BE31-B98A-4948-91A4-3C598FCEBFE5}"
EndProject
Project("{2150E333-8FDC-42A3-9474-1A3956D46DE8}") = "5.2 - CrossCutting", "5.2 - CrossCutting", "{DEC810EC-0FDE-4C52-9519-1B1BD08D40A9}"
EndProject
Project("{FAE04EC0-301F-11D3-BF4B-00C04F79EFBC}") = "DM.Desparasitacao.Domain", "src\DM.Desparasitacao.Domain\DM.Desparasitacao.Domain.csproj", "{8D0EB8D5-E71E-437A-A6DA-BDB21A29A200}"
EndProject
Project("{FAE04EC0-301F-11D3-BF4B-00C04F79EFBC}") = "DM.Desparasitacao.Infra.Data", "src\DM.Desparasitacao.Infra.Data\DM.Desparasitacao.Infra.Data.csproj", "{6560AAD1-9209-41AF-8A99-B2773BAB43FF}"
EndProject
Project("{FAE04EC0-301F-11D3-BF4B-00C04F79EFBC}") = "DM.Desparasitacao.Application", "src\DM.Desparasitacao.Application\DM.Desparasitacao.Application.csproj", "{E1B69869-1DFE-4B24-93F8-3DAD1698AD89}"
EndProject
Project("{FAE04EC0-301F-11D3-BF4B-00C04F79EFBC}") = "DM.Desparasitacao.UI.Site", "src\DM.Desparasitacao.UI.Site\DM.Desparasitacao.UI.Site.csproj", "{FD53E97D-9D87-473E-884E-7387CCD114D3}"
EndProject
Project("{FAE04EC0-301F-11D3-BF4B-00C04F79EFBC}") = "DM.Desparasitacao.Infra.CrossCutting.IoC", "src\DM.Desparasitacao.Infra.CrossCutting.IoC\DM.Desparasitacao.Infra.CrossCutting.IoC.csproj", "{C4608EDD-5B84-4219-9F5B-9F4FC7969CB5}"
EndProject
Project("{FAE04EC0-301F-11D3-BF4B-00C04F79EFBC}") = "DM.Desparasitacao.CrossCutting.Filters", "src\DM.Desparasitacao.CrossCutting.Filters\DM.Desparasitacao.CrossCutting.Filters.csproj", "{F015AB29-44A3-4720-A1DD-7993AF28B538}"
EndProject
Global
	GlobalSection(SolutionConfigurationPlatforms) = preSolution
		Debug|Any CPU = Debug|Any CPU
		Release|Any CPU = Release|Any CPU
	EndGlobalSection
	GlobalSection(ProjectConfigurationPlatforms) = postSolution
		{8D0EB8D5-E71E-437A-A6DA-BDB21A29A200}.Debug|Any CPU.ActiveCfg = Debug|Any CPU
		{8D0EB8D5-E71E-437A-A6DA-BDB21A29A200}.Debug|Any CPU.Build.0 = Debug|Any CPU
		{8D0EB8D5-E71E-437A-A6DA-BDB21A29A200}.Release|Any CPU.ActiveCfg = Release|Any CPU
		{8D0EB8D5-E71E-437A-A6DA-BDB21A29A200}.Release|Any CPU.Build.0 = Release|Any CPU
		{6560AAD1-9209-41AF-8A99-B2773BAB43FF}.Debug|Any CPU.ActiveCfg = Debug|Any CPU
		{6560AAD1-9209-41AF-8A99-B2773BAB43FF}.Debug|Any CPU.Build.0 = Debug|Any CPU
		{6560AAD1-9209-41AF-8A99-B2773BAB43FF}.Release|Any CPU.ActiveCfg = Release|Any CPU
		{6560AAD1-9209-41AF-8A99-B2773BAB43FF}.Release|Any CPU.Build.0 = Release|Any CPU
		{E1B69869-1DFE-4B24-93F8-3DAD1698AD89}.Debug|Any CPU.ActiveCfg = Debug|Any CPU
		{E1B69869-1DFE-4B24-93F8-3DAD1698AD89}.Debug|Any CPU.Build.0 = Debug|Any CPU
		{E1B69869-1DFE-4B24-93F8-3DAD1698AD89}.Release|Any CPU.ActiveCfg = Release|Any CPU
		{E1B69869-1DFE-4B24-93F8-3DAD1698AD89}.Release|Any CPU.Build.0 = Release|Any CPU
		{FD53E97D-9D87-473E-884E-7387CCD114D3}.Debug|Any CPU.ActiveCfg = Debug|Any CPU
		{FD53E97D-9D87-473E-884E-7387CCD114D3}.Debug|Any CPU.Build.0 = Debug|Any CPU
		{FD53E97D-9D87-473E-884E-7387CCD114D3}.Release|Any CPU.ActiveCfg = Release|Any CPU
		{FD53E97D-9D87-473E-884E-7387CCD114D3}.Release|Any CPU.Build.0 = Release|Any CPU
		{C4608EDD-5B84-4219-9F5B-9F4FC7969CB5}.Debug|Any CPU.ActiveCfg = Debug|Any CPU
		{C4608EDD-5B84-4219-9F5B-9F4FC7969CB5}.Debug|Any CPU.Build.0 = Debug|Any CPU
		{C4608EDD-5B84-4219-9F5B-9F4FC7969CB5}.Release|Any CPU.ActiveCfg = Release|Any CPU
		{C4608EDD-5B84-4219-9F5B-9F4FC7969CB5}.Release|Any CPU.Build.0 = Release|Any CPU
		{F015AB29-44A3-4720-A1DD-7993AF28B538}.Debug|Any CPU.ActiveCfg = Debug|Any CPU
		{F015AB29-44A3-4720-A1DD-7993AF28B538}.Debug|Any CPU.Build.0 = Debug|Any CPU
		{F015AB29-44A3-4720-A1DD-7993AF28B538}.Release|Any CPU.ActiveCfg = Release|Any CPU
		{F015AB29-44A3-4720-A1DD-7993AF28B538}.Release|Any CPU.Build.0 = Release|Any CPU
	EndGlobalSection
	GlobalSection(SolutionProperties) = preSolution
		HideSolutionNode = FALSE
	EndGlobalSection
	GlobalSection(NestedProjects) = preSolution
		{0E97BE31-B98A-4948-91A4-3C598FCEBFE5} = {54D7278E-C5B0-41B0-8896-DB2F91A31AA4}
		{DEC810EC-0FDE-4C52-9519-1B1BD08D40A9} = {54D7278E-C5B0-41B0-8896-DB2F91A31AA4}
		{8D0EB8D5-E71E-437A-A6DA-BDB21A29A200} = {C6AEC8CC-69DF-440D-A479-1B11FF81CCBA}
		{6560AAD1-9209-41AF-8A99-B2773BAB43FF} = {0E97BE31-B98A-4948-91A4-3C598FCEBFE5}
		{E1B69869-1DFE-4B24-93F8-3DAD1698AD89} = {2E6A787C-FC74-4119-89F7-F1A7970ECB41}
		{FD53E97D-9D87-473E-884E-7387CCD114D3} = {B21EE766-75F0-42EE-B4E4-756B66BC65DD}
		{C4608EDD-5B84-4219-9F5B-9F4FC7969CB5} = {DEC810EC-0FDE-4C52-9519-1B1BD08D40A9}
		{F015AB29-44A3-4720-A1DD-7993AF28B538} = {DEC810EC-0FDE-4C52-9519-1B1BD08D40A9}
	EndGlobalSection
	GlobalSection(ExtensibilityGlobals) = postSolution
		SolutionGuid = {C614F540-77E4-49EB-B0A3-6E849F7ADA35}
	EndGlobalSection
EndGlobal
